// !$*UTF8*$!
{
	archiveVersion = 1;
	classes = {
	};
	objectVersion = 46;
	objects = {

/* Begin PBXBuildFile section */
		56818B7C1F12598C006CD915 /* AppDelegate.swift in Sources */ = {isa = PBXBuildFile; fileRef = 56818B7B1F12598C006CD915 /* AppDelegate.swift */; };
		56818B861F12598C006CD915 /* LaunchScreen.storyboard in Resources */ = {isa = PBXBuildFile; fileRef = 56818B841F12598C006CD915 /* LaunchScreen.storyboard */; };
		56818B8E1F125B5F006CD915 /* GoogleService-Info.plist in Resources */ = {isa = PBXBuildFile; fileRef = 56818B8D1F125B5F006CD915 /* GoogleService-Info.plist */; };
		5695DCA11F12605C00E55AAE /* HomeController.swift in Sources */ = {isa = PBXBuildFile; fileRef = 5695DCA01F12605C00E55AAE /* HomeController.swift */; };
		72C0BC25DDF3DCB453E21494 /* Pods_ProjectR.framework in Frameworks */ = {isa = PBXBuildFile; fileRef = 3693F3043B239B34AE0E0676 /* Pods_ProjectR.framework */; };
		C704F4241F1D333000B6A816 /* TabNavigationController.swift in Sources */ = {isa = PBXBuildFile; fileRef = C704F4231F1D333000B6A816 /* TabNavigationController.swift */; };
		C704F4261F1D335400B6A816 /* QuestionsController.swift in Sources */ = {isa = PBXBuildFile; fileRef = C704F4251F1D335400B6A816 /* QuestionsController.swift */; };
		C704F4281F1D339F00B6A816 /* ScanQRController.swift in Sources */ = {isa = PBXBuildFile; fileRef = C704F4271F1D339F00B6A816 /* ScanQRController.swift */; };
		C704F42B1F1D33D900B6A816 /* PrizesController.swift in Sources */ = {isa = PBXBuildFile; fileRef = C704F42A1F1D33D900B6A816 /* PrizesController.swift */; };
		C704F42D1F1D33F800B6A816 /* ProfileController.swift in Sources */ = {isa = PBXBuildFile; fileRef = C704F42C1F1D33F800B6A816 /* ProfileController.swift */; };
		C704F42F1F1D36DE00B6A816 /* ToolNavigationController.swift in Sources */ = {isa = PBXBuildFile; fileRef = C704F42E1F1D36DE00B6A816 /* ToolNavigationController.swift */; };
		C7136DD61F22219A001D0695 /* Avenir.ttc in Resources */ = {isa = PBXBuildFile; fileRef = C7136DD41F22219A001D0695 /* Avenir.ttc */; };
		C7136DD71F22219A001D0695 /* Rhinos-rocks.ttf in Resources */ = {isa = PBXBuildFile; fileRef = C7136DD51F22219A001D0695 /* Rhinos-rocks.ttf */; };
		C7136DD91F2221AE001D0695 /* Assets.xcassets in Resources */ = {isa = PBXBuildFile; fileRef = C7136DD81F2221AE001D0695 /* Assets.xcassets */; };
		C7136DDB1F2222C7001D0695 /* ProjectRFont.swift in Sources */ = {isa = PBXBuildFile; fileRef = C7136DDA1F2222C7001D0695 /* ProjectRFont.swift */; };
		C7136DDD1F223F46001D0695 /* BaseSignInController.swift in Sources */ = {isa = PBXBuildFile; fileRef = C7136DDC1F223F46001D0695 /* BaseSignInController.swift */; };
		C7136DDF1F224D2A001D0695 /* Global.swift in Sources */ = {isa = PBXBuildFile; fileRef = C7136DDE1F224D2A001D0695 /* Global.swift */; };
		E90942951F167AFC003342EF /* SignInController.swift in Sources */ = {isa = PBXBuildFile; fileRef = E90942941F167AFC003342EF /* SignInController.swift */; };
		E909429A1F167CDB003342EF /* appColors.swift in Sources */ = {isa = PBXBuildFile; fileRef = E90942971F167CDB003342EF /* appColors.swift */; };
		E909429B1F167CDB003342EF /* NavigationController.swift in Sources */ = {isa = PBXBuildFile; fileRef = E90942981F167CDB003342EF /* NavigationController.swift */; };
		E909429C1F167CDB003342EF /* signedController.swift in Sources */ = {isa = PBXBuildFile; fileRef = E90942991F167CDB003342EF /* signedController.swift */; };
		E909429E1F167CEC003342EF /* StyleHelper.swift in Sources */ = {isa = PBXBuildFile; fileRef = E909429D1F167CEC003342EF /* StyleHelper.swift */; };
		E90942A01F1687BA003342EF /* CGRect + ProjectR .swift in Sources */ = {isa = PBXBuildFile; fileRef = E909429F1F1687BA003342EF /* CGRect + ProjectR .swift */; };
		E97CC95D1F1D32F800AE4A67 /* PopupHelper.swift in Sources */ = {isa = PBXBuildFile; fileRef = E97CC95C1F1D32F800AE4A67 /* PopupHelper.swift */; };
		E9BDE7C71F17DF6100182960 /* gameInfoController.swift in Sources */ = {isa = PBXBuildFile; fileRef = E9BDE7C61F17DF6100182960 /* gameInfoController.swift */; };
		E9F421B21F17DA3400B3ED8F /* profileCreateController.swift in Sources */ = {isa = PBXBuildFile; fileRef = E9F421B11F17DA3400B3ED8F /* profileCreateController.swift */; };
/* End PBXBuildFile section */

/* Begin PBXFileReference section */
		3693F3043B239B34AE0E0676 /* Pods_ProjectR.framework */ = {isa = PBXFileReference; explicitFileType = wrapper.framework; includeInIndex = 0; path = Pods_ProjectR.framework; sourceTree = BUILT_PRODUCTS_DIR; };
		56818B781F12598C006CD915 /* ProjectR.app */ = {isa = PBXFileReference; explicitFileType = wrapper.application; includeInIndex = 0; path = ProjectR.app; sourceTree = BUILT_PRODUCTS_DIR; };
		56818B7B1F12598C006CD915 /* AppDelegate.swift */ = {isa = PBXFileReference; lastKnownFileType = sourcecode.swift; path = AppDelegate.swift; sourceTree = "<group>"; };
		56818B851F12598C006CD915 /* Base */ = {isa = PBXFileReference; lastKnownFileType = file.storyboard; name = Base; path = Base.lproj/LaunchScreen.storyboard; sourceTree = "<group>"; };
		56818B871F12598C006CD915 /* Info.plist */ = {isa = PBXFileReference; lastKnownFileType = text.plist.xml; path = Info.plist; sourceTree = "<group>"; };
		56818B8D1F125B5F006CD915 /* GoogleService-Info.plist */ = {isa = PBXFileReference; fileEncoding = 4; lastKnownFileType = text.plist.xml; path = "GoogleService-Info.plist"; sourceTree = "<group>"; };
		5695DCA01F12605C00E55AAE /* HomeController.swift */ = {isa = PBXFileReference; fileEncoding = 4; lastKnownFileType = sourcecode.swift; name = HomeController.swift; path = Controllers/HomeController.swift; sourceTree = "<group>"; };
		C704F4231F1D333000B6A816 /* TabNavigationController.swift */ = {isa = PBXFileReference; fileEncoding = 4; lastKnownFileType = sourcecode.swift; path = TabNavigationController.swift; sourceTree = "<group>"; };
		C704F4251F1D335400B6A816 /* QuestionsController.swift */ = {isa = PBXFileReference; fileEncoding = 4; lastKnownFileType = sourcecode.swift; path = QuestionsController.swift; sourceTree = "<group>"; };
		C704F4271F1D339F00B6A816 /* ScanQRController.swift */ = {isa = PBXFileReference; fileEncoding = 4; lastKnownFileType = sourcecode.swift; path = ScanQRController.swift; sourceTree = "<group>"; };
		C704F42A1F1D33D900B6A816 /* PrizesController.swift */ = {isa = PBXFileReference; fileEncoding = 4; lastKnownFileType = sourcecode.swift; path = PrizesController.swift; sourceTree = "<group>"; };
		C704F42C1F1D33F800B6A816 /* ProfileController.swift */ = {isa = PBXFileReference; fileEncoding = 4; lastKnownFileType = sourcecode.swift; path = ProfileController.swift; sourceTree = "<group>"; };
		C704F42E1F1D36DE00B6A816 /* ToolNavigationController.swift */ = {isa = PBXFileReference; fileEncoding = 4; lastKnownFileType = sourcecode.swift; path = ToolNavigationController.swift; sourceTree = "<group>"; };
		C7136DD41F22219A001D0695 /* Avenir.ttc */ = {isa = PBXFileReference; lastKnownFileType = file; path = Avenir.ttc; sourceTree = "<group>"; };
		C7136DD51F22219A001D0695 /* Rhinos-rocks.ttf */ = {isa = PBXFileReference; lastKnownFileType = file; path = "Rhinos-rocks.ttf"; sourceTree = "<group>"; };
		C7136DD81F2221AE001D0695 /* Assets.xcassets */ = {isa = PBXFileReference; lastKnownFileType = folder.assetcatalog; name = Assets.xcassets; path = ProjectR/Resources/Assets.xcassets; sourceTree = SOURCE_ROOT; };
		C7136DDA1F2222C7001D0695 /* ProjectRFont.swift */ = {isa = PBXFileReference; fileEncoding = 4; lastKnownFileType = sourcecode.swift; path = ProjectRFont.swift; sourceTree = "<group>"; };
		C7136DDC1F223F46001D0695 /* BaseSignInController.swift */ = {isa = PBXFileReference; fileEncoding = 4; lastKnownFileType = sourcecode.swift; path = BaseSignInController.swift; sourceTree = "<group>"; };
		C7136DDE1F224D2A001D0695 /* Global.swift */ = {isa = PBXFileReference; fileEncoding = 4; lastKnownFileType = sourcecode.swift; path = Global.swift; sourceTree = "<group>"; };
		D3DE7480DB050A51D6CC9087 /* Pods-ProjectR.debug.xcconfig */ = {isa = PBXFileReference; includeInIndex = 1; lastKnownFileType = text.xcconfig; name = "Pods-ProjectR.debug.xcconfig"; path = "Pods/Target Support Files/Pods-ProjectR/Pods-ProjectR.debug.xcconfig"; sourceTree = "<group>"; };
		E90942941F167AFC003342EF /* SignInController.swift */ = {isa = PBXFileReference; fileEncoding = 4; lastKnownFileType = sourcecode.swift; name = SignInController.swift; path = Controllers/SignInController.swift; sourceTree = "<group>"; };
		E90942971F167CDB003342EF /* appColors.swift */ = {isa = PBXFileReference; fileEncoding = 4; lastKnownFileType = sourcecode.swift; path = appColors.swift; sourceTree = "<group>"; };
		E90942981F167CDB003342EF /* NavigationController.swift */ = {isa = PBXFileReference; fileEncoding = 4; lastKnownFileType = sourcecode.swift; path = NavigationController.swift; sourceTree = "<group>"; };
		E90942991F167CDB003342EF /* signedController.swift */ = {isa = PBXFileReference; fileEncoding = 4; lastKnownFileType = sourcecode.swift; path = signedController.swift; sourceTree = "<group>"; };
		E909429D1F167CEC003342EF /* StyleHelper.swift */ = {isa = PBXFileReference; fileEncoding = 4; lastKnownFileType = sourcecode.swift; path = StyleHelper.swift; sourceTree = "<group>"; };
		E909429F1F1687BA003342EF /* CGRect + ProjectR .swift */ = {isa = PBXFileReference; fileEncoding = 4; lastKnownFileType = sourcecode.swift; path = "CGRect + ProjectR .swift"; sourceTree = "<group>"; };
		E97CC95C1F1D32F800AE4A67 /* PopupHelper.swift */ = {isa = PBXFileReference; fileEncoding = 4; lastKnownFileType = sourcecode.swift; path = PopupHelper.swift; sourceTree = "<group>"; };
		E9BDE7C61F17DF6100182960 /* gameInfoController.swift */ = {isa = PBXFileReference; fileEncoding = 4; lastKnownFileType = sourcecode.swift; path = gameInfoController.swift; sourceTree = "<group>"; };
		E9F421B11F17DA3400B3ED8F /* profileCreateController.swift */ = {isa = PBXFileReference; fileEncoding = 4; lastKnownFileType = sourcecode.swift; path = profileCreateController.swift; sourceTree = "<group>"; };
		F306D2510C458A2CEB38E535 /* Pods-ProjectR.release.xcconfig */ = {isa = PBXFileReference; includeInIndex = 1; lastKnownFileType = text.xcconfig; name = "Pods-ProjectR.release.xcconfig"; path = "Pods/Target Support Files/Pods-ProjectR/Pods-ProjectR.release.xcconfig"; sourceTree = "<group>"; };
/* End PBXFileReference section */

/* Begin PBXFrameworksBuildPhase section */
		56818B751F12598C006CD915 /* Frameworks */ = {
			isa = PBXFrameworksBuildPhase;
			buildActionMask = 2147483647;
			files = (
				72C0BC25DDF3DCB453E21494 /* Pods_ProjectR.framework in Frameworks */,
			);
			runOnlyForDeploymentPostprocessing = 0;
		};
/* End PBXFrameworksBuildPhase section */

/* Begin PBXGroup section */
		56818B6F1F12598C006CD915 = {
			isa = PBXGroup;
			children = (
				56818B7A1F12598C006CD915 /* ProjectR */,
				56818B791F12598C006CD915 /* Products */,
				9F5E83E562EC3C9EAEEC9513 /* Pods */,
				66EC1FFFC9B2E2F6B7574FC8 /* Frameworks */,
			);
			sourceTree = "<group>";
		};
		56818B791F12598C006CD915 /* Products */ = {
			isa = PBXGroup;
			children = (
				56818B781F12598C006CD915 /* ProjectR.app */,
			);
			name = Products;
			sourceTree = "<group>";
		};
		56818B7A1F12598C006CD915 /* ProjectR */ = {
			isa = PBXGroup;
			children = (
				C7136DD21F22210C001D0695 /* Resources */,
				5695DC991F125EEE00E55AAE /* Controllers */,
				5695DC981F125EE500E55AAE /* Infrastructure */,
				56818B8D1F125B5F006CD915 /* GoogleService-Info.plist */,
				56818B7B1F12598C006CD915 /* AppDelegate.swift */,
				56818B841F12598C006CD915 /* LaunchScreen.storyboard */,
				56818B871F12598C006CD915 /* Info.plist */,
			);
			path = ProjectR;
			sourceTree = "<group>";
		};
		5695DC981F125EE500E55AAE /* Infrastructure */ = {
			isa = PBXGroup;
			children = (
				E97CC95C1F1D32F800AE4A67 /* PopupHelper.swift */,
				C704F4231F1D333000B6A816 /* TabNavigationController.swift */,
				E90942971F167CDB003342EF /* appColors.swift */,
				E90942981F167CDB003342EF /* NavigationController.swift */,
				E90942991F167CDB003342EF /* signedController.swift */,
				E909429D1F167CEC003342EF /* StyleHelper.swift */,
				E909429F1F1687BA003342EF /* CGRect + ProjectR .swift */,
				C704F42E1F1D36DE00B6A816 /* ToolNavigationController.swift */,
				C7136DDA1F2222C7001D0695 /* ProjectRFont.swift */,
				C7136DDE1F224D2A001D0695 /* Global.swift */,
			);
			path = Infrastructure;
			sourceTree = "<group>";
		};
		5695DC991F125EEE00E55AAE /* Controllers */ = {
			isa = PBXGroup;
			children = (
				5695DCA01F12605C00E55AAE /* HomeController.swift */,
				E90942941F167AFC003342EF /* SignInController.swift */,
				E9F421B11F17DA3400B3ED8F /* profileCreateController.swift */,
				E9BDE7C61F17DF6100182960 /* gameInfoController.swift */,
				C704F4251F1D335400B6A816 /* QuestionsController.swift */,
				C704F4271F1D339F00B6A816 /* ScanQRController.swift */,
				C704F42A1F1D33D900B6A816 /* PrizesController.swift */,
				C704F42C1F1D33F800B6A816 /* ProfileController.swift */,
				C7136DDC1F223F46001D0695 /* BaseSignInController.swift */,
			);
			name = Controllers;
			sourceTree = "<group>";
		};
		66EC1FFFC9B2E2F6B7574FC8 /* Frameworks */ = {
			isa = PBXGroup;
			children = (
				3693F3043B239B34AE0E0676 /* Pods_ProjectR.framework */,
			);
			name = Frameworks;
			sourceTree = "<group>";
		};
		9F5E83E562EC3C9EAEEC9513 /* Pods */ = {
			isa = PBXGroup;
			children = (
				D3DE7480DB050A51D6CC9087 /* Pods-ProjectR.debug.xcconfig */,
				F306D2510C458A2CEB38E535 /* Pods-ProjectR.release.xcconfig */,
			);
			name = Pods;
			sourceTree = "<group>";
		};
		C7136DD21F22210C001D0695 /* Resources */ = {
			isa = PBXGroup;
			children = (
				C7136DD31F22219A001D0695 /* Fonts */,
				C7136DD81F2221AE001D0695 /* Assets.xcassets */,
			);
			name = Resources;
			sourceTree = "<group>";
		};
		C7136DD31F22219A001D0695 /* Fonts */ = {
			isa = PBXGroup;
			children = (
				C7136DD41F22219A001D0695 /* Avenir.ttc */,
				C7136DD51F22219A001D0695 /* Rhinos-rocks.ttf */,
			);
			name = Fonts;
			path = Resources/Fonts;
			sourceTree = "<group>";
		};
/* End PBXGroup section */

/* Begin PBXNativeTarget section */
		56818B771F12598C006CD915 /* ProjectR */ = {
			isa = PBXNativeTarget;
			buildConfigurationList = 56818B8A1F12598C006CD915 /* Build configuration list for PBXNativeTarget "ProjectR" */;
			buildPhases = (
				243DA6A2E8F0862D3A5B93CD /* [CP] Check Pods Manifest.lock */,
				56818B741F12598C006CD915 /* Sources */,
				56818B751F12598C006CD915 /* Frameworks */,
				56818B761F12598C006CD915 /* Resources */,
				E29FD0C0EC839C2973D79BAA /* [CP] Embed Pods Frameworks */,
				5BBF5D24483659622FB8F798 /* [CP] Copy Pods Resources */,
			);
			buildRules = (
			);
			dependencies = (
			);
			name = ProjectR;
			productName = ProjectR;
			productReference = 56818B781F12598C006CD915 /* ProjectR.app */;
			productType = "com.apple.product-type.application";
		};
/* End PBXNativeTarget section */

/* Begin PBXProject section */
		56818B701F12598C006CD915 /* Project object */ = {
			isa = PBXProject;
			attributes = {
				LastSwiftUpdateCheck = 0830;
				LastUpgradeCheck = 0830;
				ORGANIZATIONNAME = "Retro Rabbit Professional Services";
				TargetAttributes = {
					56818B771F12598C006CD915 = {
						CreatedOnToolsVersion = 8.3;
						DevelopmentTeam = NDH97745WS;
						ProvisioningStyle = Automatic;
					};
				};
			};
			buildConfigurationList = 56818B731F12598C006CD915 /* Build configuration list for PBXProject "ProjectR" */;
			compatibilityVersion = "Xcode 3.2";
			developmentRegion = English;
			hasScannedForEncodings = 0;
			knownRegions = (
				en,
				Base,
			);
			mainGroup = 56818B6F1F12598C006CD915;
			productRefGroup = 56818B791F12598C006CD915 /* Products */;
			projectDirPath = "";
			projectRoot = "";
			targets = (
				56818B771F12598C006CD915 /* ProjectR */,
			);
		};
/* End PBXProject section */

/* Begin PBXResourcesBuildPhase section */
		56818B761F12598C006CD915 /* Resources */ = {
			isa = PBXResourcesBuildPhase;
			buildActionMask = 2147483647;
			files = (
				C7136DD61F22219A001D0695 /* Avenir.ttc in Resources */,
				C7136DD71F22219A001D0695 /* Rhinos-rocks.ttf in Resources */,
				56818B861F12598C006CD915 /* LaunchScreen.storyboard in Resources */,
				C7136DD91F2221AE001D0695 /* Assets.xcassets in Resources */,
				56818B8E1F125B5F006CD915 /* GoogleService-Info.plist in Resources */,
			);
			runOnlyForDeploymentPostprocessing = 0;
		};
/* End PBXResourcesBuildPhase section */

/* Begin PBXShellScriptBuildPhase section */
		243DA6A2E8F0862D3A5B93CD /* [CP] Check Pods Manifest.lock */ = {
			isa = PBXShellScriptBuildPhase;
			buildActionMask = 2147483647;
			files = (
			);
			inputPaths = (
			);
			name = "[CP] Check Pods Manifest.lock";
			outputPaths = (
			);
			runOnlyForDeploymentPostprocessing = 0;
			shellPath = /bin/sh;
			shellScript = "diff \"${PODS_ROOT}/../Podfile.lock\" \"${PODS_ROOT}/Manifest.lock\" > /dev/null\nif [ $? != 0 ] ; then\n    # print error to STDERR\n    echo \"error: The sandbox is not in sync with the Podfile.lock. Run 'pod install' or update your CocoaPods installation.\" >&2\n    exit 1\nfi\n";
			showEnvVarsInLog = 0;
		};
		5BBF5D24483659622FB8F798 /* [CP] Copy Pods Resources */ = {
			isa = PBXShellScriptBuildPhase;
			buildActionMask = 2147483647;
			files = (
			);
			inputPaths = (
			);
			name = "[CP] Copy Pods Resources";
			outputPaths = (
			);
			runOnlyForDeploymentPostprocessing = 0;
			shellPath = /bin/sh;
			shellScript = "\"${SRCROOT}/Pods/Target Support Files/Pods-ProjectR/Pods-ProjectR-resources.sh\"\n";
			showEnvVarsInLog = 0;
		};
		E29FD0C0EC839C2973D79BAA /* [CP] Embed Pods Frameworks */ = {
			isa = PBXShellScriptBuildPhase;
			buildActionMask = 2147483647;
			files = (
			);
			inputPaths = (
			);
			name = "[CP] Embed Pods Frameworks";
			outputPaths = (
			);
			runOnlyForDeploymentPostprocessing = 0;
			shellPath = /bin/sh;
			shellScript = "\"${SRCROOT}/Pods/Target Support Files/Pods-ProjectR/Pods-ProjectR-frameworks.sh\"\n";
			showEnvVarsInLog = 0;
		};
/* End PBXShellScriptBuildPhase section */

/* Begin PBXSourcesBuildPhase section */
		56818B741F12598C006CD915 /* Sources */ = {
			isa = PBXSourcesBuildPhase;
			buildActionMask = 2147483647;
			files = (
				E90942A01F1687BA003342EF /* CGRect + ProjectR .swift in Sources */,
				5695DCA11F12605C00E55AAE /* HomeController.swift in Sources */,
				E909429B1F167CDB003342EF /* NavigationController.swift in Sources */,
				C704F4261F1D335400B6A816 /* QuestionsController.swift in Sources */,
				C704F4241F1D333000B6A816 /* TabNavigationController.swift in Sources */,
				C704F42B1F1D33D900B6A816 /* PrizesController.swift in Sources */,
				C704F4281F1D339F00B6A816 /* ScanQRController.swift in Sources */,
				C704F42D1F1D33F800B6A816 /* ProfileController.swift in Sources */,
				C7136DDF1F224D2A001D0695 /* Global.swift in Sources */,
				E909429A1F167CDB003342EF /* appColors.swift in Sources */,
				E90942951F167AFC003342EF /* SignInController.swift in Sources */,
				E909429E1F167CEC003342EF /* StyleHelper.swift in Sources */,
				E9F421B21F17DA3400B3ED8F /* profileCreateController.swift in Sources */,
				C7136DDB1F2222C7001D0695 /* ProjectRFont.swift in Sources */,
				E909429C1F167CDB003342EF /* signedController.swift in Sources */,
				56818B7C1F12598C006CD915 /* AppDelegate.swift in Sources */,
				E9BDE7C71F17DF6100182960 /* gameInfoController.swift in Sources */,
				E97CC95D1F1D32F800AE4A67 /* PopupHelper.swift in Sources */,
				C7136DDD1F223F46001D0695 /* BaseSignInController.swift in Sources */,
				C704F42F1F1D36DE00B6A816 /* ToolNavigationController.swift in Sources */,
			);
			runOnlyForDeploymentPostprocessing = 0;
		};
/* End PBXSourcesBuildPhase section */

/* Begin PBXVariantGroup section */
		56818B841F12598C006CD915 /* LaunchScreen.storyboard */ = {
			isa = PBXVariantGroup;
			children = (
				56818B851F12598C006CD915 /* Base */,
			);
			name = LaunchScreen.storyboard;
			sourceTree = "<group>";
		};
/* End PBXVariantGroup section */

/* Begin XCBuildConfiguration section */
		56818B881F12598C006CD915 /* Debug */ = {
			isa = XCBuildConfiguration;
			buildSettings = {
				ALWAYS_SEARCH_USER_PATHS = NO;
				CLANG_ANALYZER_NONNULL = YES;
				CLANG_ANALYZER_NUMBER_OBJECT_CONVERSION = YES_AGGRESSIVE;
				CLANG_CXX_LANGUAGE_STANDARD = "gnu++0x";
				CLANG_CXX_LIBRARY = "libc++";
				CLANG_ENABLE_MODULES = YES;
				CLANG_ENABLE_OBJC_ARC = YES;
				CLANG_WARN_BOOL_CONVERSION = YES;
				CLANG_WARN_CONSTANT_CONVERSION = YES;
				CLANG_WARN_DIRECT_OBJC_ISA_USAGE = YES_ERROR;
				CLANG_WARN_DOCUMENTATION_COMMENTS = YES;
				CLANG_WARN_EMPTY_BODY = YES;
				CLANG_WARN_ENUM_CONVERSION = YES;
				CLANG_WARN_INFINITE_RECURSION = YES;
				CLANG_WARN_INT_CONVERSION = YES;
				CLANG_WARN_OBJC_ROOT_CLASS = YES_ERROR;
				CLANG_WARN_SUSPICIOUS_MOVE = YES;
				CLANG_WARN_UNREACHABLE_CODE = YES;
				CLANG_WARN__DUPLICATE_METHOD_MATCH = YES;
				"CODE_SIGN_IDENTITY[sdk=iphoneos*]" = "iPhone Developer";
				COPY_PHASE_STRIP = NO;
				DEBUG_INFORMATION_FORMAT = dwarf;
				ENABLE_STRICT_OBJC_MSGSEND = YES;
				ENABLE_TESTABILITY = YES;
				GCC_C_LANGUAGE_STANDARD = gnu99;
				GCC_DYNAMIC_NO_PIC = NO;
				GCC_NO_COMMON_BLOCKS = YES;
				GCC_OPTIMIZATION_LEVEL = 0;
				GCC_PREPROCESSOR_DEFINITIONS = (
					"DEBUG=1",
					"$(inherited)",
				);
				GCC_WARN_64_TO_32_BIT_CONVERSION = YES;
				GCC_WARN_ABOUT_RETURN_TYPE = YES_ERROR;
				GCC_WARN_UNDECLARED_SELECTOR = YES;
				GCC_WARN_UNINITIALIZED_AUTOS = YES_AGGRESSIVE;
				GCC_WARN_UNUSED_FUNCTION = YES;
				GCC_WARN_UNUSED_VARIABLE = YES;
				IPHONEOS_DEPLOYMENT_TARGET = 10.3;
				MTL_ENABLE_DEBUG_INFO = YES;
				ONLY_ACTIVE_ARCH = YES;
				SDKROOT = iphoneos;
				SWIFT_ACTIVE_COMPILATION_CONDITIONS = DEBUG;
				SWIFT_OPTIMIZATION_LEVEL = "-Onone";
			};
			name = Debug;
		};
		56818B891F12598C006CD915 /* Release */ = {
			isa = XCBuildConfiguration;
			buildSettings = {
				ALWAYS_SEARCH_USER_PATHS = NO;
				CLANG_ANALYZER_NONNULL = YES;
				CLANG_ANALYZER_NUMBER_OBJECT_CONVERSION = YES_AGGRESSIVE;
				CLANG_CXX_LANGUAGE_STANDARD = "gnu++0x";
				CLANG_CXX_LIBRARY = "libc++";
				CLANG_ENABLE_MODULES = YES;
				CLANG_ENABLE_OBJC_ARC = YES;
				CLANG_WARN_BOOL_CONVERSION = YES;
				CLANG_WARN_CONSTANT_CONVERSION = YES;
				CLANG_WARN_DIRECT_OBJC_ISA_USAGE = YES_ERROR;
				CLANG_WARN_DOCUMENTATION_COMMENTS = YES;
				CLANG_WARN_EMPTY_BODY = YES;
				CLANG_WARN_ENUM_CONVERSION = YES;
				CLANG_WARN_INFINITE_RECURSION = YES;
				CLANG_WARN_INT_CONVERSION = YES;
				CLANG_WARN_OBJC_ROOT_CLASS = YES_ERROR;
				CLANG_WARN_SUSPICIOUS_MOVE = YES;
				CLANG_WARN_UNREACHABLE_CODE = YES;
				CLANG_WARN__DUPLICATE_METHOD_MATCH = YES;
				"CODE_SIGN_IDENTITY[sdk=iphoneos*]" = "iPhone Developer";
				COPY_PHASE_STRIP = NO;
				DEBUG_INFORMATION_FORMAT = "dwarf-with-dsym";
				ENABLE_NS_ASSERTIONS = NO;
				ENABLE_STRICT_OBJC_MSGSEND = YES;
				GCC_C_LANGUAGE_STANDARD = gnu99;
				GCC_NO_COMMON_BLOCKS = YES;
				GCC_WARN_64_TO_32_BIT_CONVERSION = YES;
				GCC_WARN_ABOUT_RETURN_TYPE = YES_ERROR;
				GCC_WARN_UNDECLARED_SELECTOR = YES;
				GCC_WARN_UNINITIALIZED_AUTOS = YES_AGGRESSIVE;
				GCC_WARN_UNUSED_FUNCTION = YES;
				GCC_WARN_UNUSED_VARIABLE = YES;
				IPHONEOS_DEPLOYMENT_TARGET = 10.3;
				MTL_ENABLE_DEBUG_INFO = NO;
				SDKROOT = iphoneos;
				SWIFT_OPTIMIZATION_LEVEL = "-Owholemodule";
				VALIDATE_PRODUCT = YES;
			};
			name = Release;
		};
		56818B8B1F12598C006CD915 /* Debug */ = {
			isa = XCBuildConfiguration;
			baseConfigurationReference = D3DE7480DB050A51D6CC9087 /* Pods-ProjectR.debug.xcconfig */;
			buildSettings = {
				ASSETCATALOG_COMPILER_APPICON_NAME = AppIcon;
				DEVELOPMENT_TEAM = NDH97745WS;
				INFOPLIST_FILE = ProjectR/Info.plist;
				IPHONEOS_DEPLOYMENT_TARGET = 10.2;
				LD_RUNPATH_SEARCH_PATHS = "$(inherited) @executable_path/Frameworks";
				PRODUCT_BUNDLE_IDENTIFIER = za.co.retrorabbit.projectr;
				PRODUCT_NAME = "$(TARGET_NAME)";
				SWIFT_VERSION = 3.0;
				TARGETED_DEVICE_FAMILY = 1;
			};
			name = Debug;
		};
		56818B8C1F12598C006CD915 /* Release */ = {
			isa = XCBuildConfiguration;
			baseConfigurationReference = F306D2510C458A2CEB38E535 /* Pods-ProjectR.release.xcconfig */;
			buildSettings = {
				ASSETCATALOG_COMPILER_APPICON_NAME = AppIcon;
				DEVELOPMENT_TEAM = NDH97745WS;
				INFOPLIST_FILE = ProjectR/Info.plist;
				IPHONEOS_DEPLOYMENT_TARGET = 10.2;
				LD_RUNPATH_SEARCH_PATHS = "$(inherited) @executable_path/Frameworks";
				PRODUCT_BUNDLE_IDENTIFIER = za.co.retrorabbit.projectr;
				PRODUCT_NAME = "$(TARGET_NAME)";
				SWIFT_VERSION = 3.0;
				TARGETED_DEVICE_FAMILY = 1;
			};
			name = Release;
		};
/* End XCBuildConfiguration section */

/* Begin XCConfigurationList section */
		56818B731F12598C006CD915 /* Build configuration list for PBXProject "ProjectR" */ = {
			isa = XCConfigurationList;
			buildConfigurations = (
				56818B881F12598C006CD915 /* Debug */,
				56818B891F12598C006CD915 /* Release */,
			);
			defaultConfigurationIsVisible = 0;
			defaultConfigurationName = Release;
		};
		56818B8A1F12598C006CD915 /* Build configuration list for PBXNativeTarget "ProjectR" */ = {
			isa = XCConfigurationList;
			buildConfigurations = (
				56818B8B1F12598C006CD915 /* Debug */,
				56818B8C1F12598C006CD915 /* Release */,
			);
			defaultConfigurationIsVisible = 0;
			defaultConfigurationName = Release;
		};
/* End XCConfigurationList section */
	};
	rootObject = 56818B701F12598C006CD915 /* Project object */;
}
